
Microsoft Visual Studio Solution File, Format Version 12.00
# Visual Studio Version 17
VisualStudioVersion = 17.0.31903.59
MinimumVisualStudioVersion = 10.0.40219.1
Project("{FAE04EC0-301F-11D3-BF4B-00C04F79EFBC}") = "StarWarsFleet.Application", "StarWarsFleet.Application\StarWarsFleet.Application.csproj", "{36EE9E03-8ABA-4492-90A7-0A4B540456C7}"
EndProject
Project("{FAE04EC0-301F-11D3-BF4B-00C04F79EFBC}") = "StarWarsFleet.Web", "StarWarsFleet.Web\StarWarsFleet.Web.csproj", "{942A8401-FC36-4D12-A391-4B697850F2A5}"
EndProject
Project("{FAE04EC0-301F-11D3-BF4B-00C04F79EFBC}") = "StarWarsFleet.Domain", "StarWarsFleet.Domain\StarWarsFleet.Domain.csproj", "{2E286C91-71CD-4558-9F98-E7F848B1FAF4}"
EndProject
Project("{FAE04EC0-301F-11D3-BF4B-00C04F79EFBC}") = "StarWarsFleet.Infrastructure", "StarWarsFleet.Infrastructure\StarWarsFleet.Infrastructure.csproj", "{0709D22A-3E65-472F-A5F4-75B76CEE387F}"
EndProject
Global
	GlobalSection(SolutionConfigurationPlatforms) = preSolution
		Debug|Any CPU = Debug|Any CPU
		Release|Any CPU = Release|Any CPU
	EndGlobalSection
	GlobalSection(SolutionProperties) = preSolution
		HideSolutionNode = FALSE
	EndGlobalSection
	GlobalSection(ProjectConfigurationPlatforms) = postSolution
		{36EE9E03-8ABA-4492-90A7-0A4B540456C7}.Debug|Any CPU.ActiveCfg = Debug|Any CPU
		{36EE9E03-8ABA-4492-90A7-0A4B540456C7}.Debug|Any CPU.Build.0 = Debug|Any CPU
		{36EE9E03-8ABA-4492-90A7-0A4B540456C7}.Release|Any CPU.ActiveCfg = Release|Any CPU
		{36EE9E03-8ABA-4492-90A7-0A4B540456C7}.Release|Any CPU.Build.0 = Release|Any CPU
		{942A8401-FC36-4D12-A391-4B697850F2A5}.Debug|Any CPU.ActiveCfg = Debug|Any CPU
		{942A8401-FC36-4D12-A391-4B697850F2A5}.Debug|Any CPU.Build.0 = Debug|Any CPU
		{942A8401-FC36-4D12-A391-4B697850F2A5}.Release|Any CPU.ActiveCfg = Release|Any CPU
		{942A8401-FC36-4D12-A391-4B697850F2A5}.Release|Any CPU.Build.0 = Release|Any CPU
		{2E286C91-71CD-4558-9F98-E7F848B1FAF4}.Debug|Any CPU.ActiveCfg = Debug|Any CPU
		{2E286C91-71CD-4558-9F98-E7F848B1FAF4}.Debug|Any CPU.Build.0 = Debug|Any CPU
		{2E286C91-71CD-4558-9F98-E7F848B1FAF4}.Release|Any CPU.ActiveCfg = Release|Any CPU
		{2E286C91-71CD-4558-9F98-E7F848B1FAF4}.Release|Any CPU.Build.0 = Release|Any CPU
		{0709D22A-3E65-472F-A5F4-75B76CEE387F}.Debug|Any CPU.ActiveCfg = Debug|Any CPU
		{0709D22A-3E65-472F-A5F4-75B76CEE387F}.Debug|Any CPU.Build.0 = Debug|Any CPU
		{0709D22A-3E65-472F-A5F4-75B76CEE387F}.Release|Any CPU.ActiveCfg = Release|Any CPU
		{0709D22A-3E65-472F-A5F4-75B76CEE387F}.Release|Any CPU.Build.0 = Release|Any CPU
	EndGlobalSection
EndGlobal
